
Microsoft Visual Studio Solution File, Format Version 12.00
# Visual Studio Version 16
VisualStudioVersion = 16.0.29215.179
MinimumVisualStudioVersion = 10.0.40219.1
Project("{8BC9CEB8-8B4A-11D0-8D11-00A0C91BC942}") = "1", "1\1.vcxproj", "{5A1D2114-8BE5-4B21-9492-F84E3A565DDF}"
EndProject
Global
	GlobalSection(SolutionConfigurationPlatforms) = preSolution
		Debug|x64 = Debug|x64
		Debug|x86 = Debug|x86
		Release|x64 = Release|x64
		Release|x86 = Release|x86
	EndGlobalSection
	GlobalSection(ProjectConfigurationPlatforms) = postSolution
		{5A1D2114-8BE5-4B21-9492-F84E3A565DDF}.Debug|x64.ActiveCfg = Debug|x64
		{5A1D2114-8BE5-4B21-9492-F84E3A565DDF}.Debug|x64.Build.0 = Debug|x64
		{5A1D2114-8BE5-4B21-9492-F84E3A565DDF}.Debug|x86.ActiveCfg = Debug|Win32
		{5A1D2114-8BE5-4B21-9492-F84E3A565DDF}.Debug|x86.Build.0 = Debug|Win32
		{5A1D2114-8BE5-4B21-9492-F84E3A565DDF}.Release|x64.ActiveCfg = Release|x64
		{5A1D2114-8BE5-4B21-9492-F84E3A565DDF}.Release|x64.Build.0 = Release|x64
		{5A1D2114-8BE5-4B21-9492-F84E3A565DDF}.Release|x86.ActiveCfg = Release|Win32
		{5A1D2114-8BE5-4B21-9492-F84E3A565DDF}.Release|x86.Build.0 = Release|Win32
	EndGlobalSection
	GlobalSection(SolutionProperties) = preSolution
		HideSolutionNode = FALSE
	EndGlobalSection
	GlobalSection(ExtensibilityGlobals) = postSolution
		SolutionGuid = {72ECD95A-6897-4403-888B-4041ADA25B68}
	EndGlobalSection
EndGlobal
